
Microsoft Visual Studio Solution File, Format Version 12.00
# Visual Studio 2012
Project("{FAE04EC0-301F-11D3-BF4B-00C04F79EFBC}") = "Xam.Droid.BasicApp", "Xam.Droid.BasicApp\Xam.Droid.BasicApp.csproj", "{88EFD087-AF55-4C9C-8089-B756D0337614}"
EndProject
Global
	GlobalSection(SolutionConfigurationPlatforms) = preSolution
		Debug|Any CPU = Debug|Any CPU
		Release|Any CPU = Release|Any CPU
	EndGlobalSection
	GlobalSection(ProjectConfigurationPlatforms) = postSolution
		{88EFD087-AF55-4C9C-8089-B756D0337614}.Debug|Any CPU.ActiveCfg = Debug|Any CPU
		{88EFD087-AF55-4C9C-8089-B756D0337614}.Debug|Any CPU.Build.0 = Debug|Any CPU
		{88EFD087-AF55-4C9C-8089-B756D0337614}.Release|Any CPU.ActiveCfg = Release|Any CPU
		{88EFD087-AF55-4C9C-8089-B756D0337614}.Release|Any CPU.Build.0 = Release|Any CPU
	EndGlobalSection
EndGlobal
